PODS:
  - Himotoki (3.0.1)
  - R.swift (3.2.0):
    - R.swift.Library (~> 3.0.2)
  - R.swift.Library (3.0.2)
  - SwiftActor (0.0.1)

DEPENDENCIES:
  - Himotoki (~> 3.0)
  - R.swift
  - SwiftActor (from `https://github.com/SwiftActor/SwiftActor`)

EXTERNAL SOURCES:
  SwiftActor:
    :git: https://github.com/SwiftActor/SwiftActor

CHECKOUT OPTIONS:
  SwiftActor:
    :commit: 822e1fdef2aac9434aab209f6b3ddfa8bdad4b75
    :git: https://github.com/SwiftActor/SwiftActor

SPEC CHECKSUMS:
  Himotoki: 85fda41d4d0e14f7228317a3b474175cdfb8f515
  R.swift: 207a372a2b5977caef440c696a368009460641d1
  R.swift.Library: fbdec16c9802ad104fc1ba53415dc190e6ec5c73
  SwiftActor: 990c89af36de9dffe486f605bfeb509aea79963c

PODFILE CHECKSUM: b9192374a157f7410d72f947bcd7942f3d78b66c

COCOAPODS: 1.2.0
